
Microsoft Visual Studio Solution File, Format Version 12.00
# Visual Studio Version 16
VisualStudioVersion = 16.0.30611.23
MinimumVisualStudioVersion = 10.0.40219.1
Project("{FAE04EC0-301F-11D3-BF4B-00C04F79EFBC}") = "Hamsa", "Hamsa.csproj", "{D232EA08-62A8-4FB0-87D0-50790D27D8E4}"
EndProject
Global
	GlobalSection(SolutionConfigurationPlatforms) = preSolution
		Debug|Any CPU = Debug|Any CPU
		Debug|x64 = Debug|x64
		Release|Any CPU = Release|Any CPU
		Release|x64 = Release|x64
	EndGlobalSection
	GlobalSection(ProjectConfigurationPlatforms) = postSolution
		{D232EA08-62A8-4FB0-87D0-50790D27D8E4}.Debug|Any CPU.ActiveCfg = Debug|Any CPU
		{D232EA08-62A8-4FB0-87D0-50790D27D8E4}.Debug|Any CPU.Build.0 = Debug|Any CPU
		{D232EA08-62A8-4FB0-87D0-50790D27D8E4}.Debug|x64.ActiveCfg = Debug|x64
		{D232EA08-62A8-4FB0-87D0-50790D27D8E4}.Debug|x64.Build.0 = Debug|x64
		{D232EA08-62A8-4FB0-87D0-50790D27D8E4}.Release|Any CPU.ActiveCfg = Release|Any CPU
		{D232EA08-62A8-4FB0-87D0-50790D27D8E4}.Release|Any CPU.Build.0 = Release|Any CPU
		{D232EA08-62A8-4FB0-87D0-50790D27D8E4}.Release|x64.ActiveCfg = Release|x64
		{D232EA08-62A8-4FB0-87D0-50790D27D8E4}.Release|x64.Build.0 = Release|x64
	EndGlobalSection
	GlobalSection(SolutionProperties) = preSolution
		HideSolutionNode = FALSE
	EndGlobalSection
	GlobalSection(ExtensibilityGlobals) = postSolution
		SolutionGuid = {75DA7752-25F1-42E2-9A10-BD1CD69E3B81}
	EndGlobalSection
EndGlobal
